{
  "name": "example",
  "lockfileVersion": 2,
  "requires": true,
  "packages": {
    "": {
      "dependencies": {
        "tabris": "3.11.0-dev.20250729"
      }
    },
    "node_modules/tabris": {
      "version": "3.11.0-dev.20250729",
      "resolved": "https://registry.npmjs.org/tabris/-/tabris-3.11.0-dev.20250729.tgz",
      "integrity": "sha512-h/x58taFvwObg/cXhNaxGjcF2D33+cipUlaGQg9d11iDzOdgOcuc1wrhSYd107vITWIH4BMlakd5Pdl3XyvmSA=="
    }
  },
  "dependencies": {
    "tabris": {
      "version": "3.11.0-dev.20250729",
      "resolved": "https://registry.npmjs.org/tabris/-/tabris-3.11.0-dev.20250729.tgz",
      "integrity": "sha512-h/x58taFvwObg/cXhNaxGjcF2D33+cipUlaGQg9d11iDzOdgOcuc1wrhSYd107vITWIH4BMlakd5Pdl3XyvmSA=="
    }
  }
}
